{
  "requires": true,
  "lockfileVersion": 1,
  "dependencies": {
    "momoui-miniprogram": {
      "version": "2.0.5",
      "resolved": "https://registry.npmjs.org/momoui-miniprogram/-/momoui-miniprogram-2.0.5.tgz",
      "integrity": "sha512-OesmMtX5ZgnYTtJcmHrdO0Q/RduGUVJcjdW6evNzYROwpERP3SvC/lnxvUfOCAdStr85qCdkXqUcC8gHQxdTPw=="
    }
  }
}
